
Microsoft Visual Studio Solution File, Format Version 12.00
# Visual Studio Version 17
VisualStudioVersion = 17.14.36310.24 d17.14
MinimumVisualStudioVersion = 10.0.40219.1
Project("{FAE04EC0-301F-11D3-BF4B-00C04F79EFBC}") = "Assignment1", "Assignment1.csproj", "{65007007-C2C1-45AA-A70A-65078A356CF8}"
EndProject
Global
	GlobalSection(SolutionConfigurationPlatforms) = preSolution
		Debug|Any CPU = Debug|Any CPU
		Release|Any CPU = Release|Any CPU
	EndGlobalSection
	GlobalSection(ProjectConfigurationPlatforms) = postSolution
		{65007007-C2C1-45AA-A70A-65078A356CF8}.Debug|Any CPU.ActiveCfg = Debug|Any CPU
		{65007007-C2C1-45AA-A70A-65078A356CF8}.Debug|Any CPU.Build.0 = Debug|Any CPU
		{65007007-C2C1-45AA-A70A-65078A356CF8}.Release|Any CPU.ActiveCfg = Release|Any CPU
		{65007007-C2C1-45AA-A70A-65078A356CF8}.Release|Any CPU.Build.0 = Release|Any CPU
	EndGlobalSection
	GlobalSection(SolutionProperties) = preSolution
		HideSolutionNode = FALSE
	EndGlobalSection
	GlobalSection(ExtensibilityGlobals) = postSolution
		SolutionGuid = {BBA394DF-903B-40A8-A12C-BF7EF548EA2B}
	EndGlobalSection
EndGlobal
