
Microsoft Visual Studio Solution File, Format Version 12.00
# Visual Studio Version 17
VisualStudioVersion = 17.14.36310.24 d17.14
MinimumVisualStudioVersion = 10.0.40219.1
Project("{FAE04EC0-301F-11D3-BF4B-00C04F79EFBC}") = "CalculatorLibrary", "CalculatorLibrary\CalculatorLibrary.csproj", "{2A01563A-AA01-4F55-9151-E4F0306C6ED6}"
EndProject
Project("{FAE04EC0-301F-11D3-BF4B-00C04F79EFBC}") = "CalculatorTest", "CalculatorTest\CalculatorTest.csproj", "{3FB86369-3762-43D6-A298-21E52B4172EB}"
EndProject
Global
	GlobalSection(SolutionConfigurationPlatforms) = preSolution
		Debug|Any CPU = Debug|Any CPU
		Release|Any CPU = Release|Any CPU
	EndGlobalSection
	GlobalSection(ProjectConfigurationPlatforms) = postSolution
		{2A01563A-AA01-4F55-9151-E4F0306C6ED6}.Debug|Any CPU.ActiveCfg = Debug|Any CPU
		{2A01563A-AA01-4F55-9151-E4F0306C6ED6}.Debug|Any CPU.Build.0 = Debug|Any CPU
		{2A01563A-AA01-4F55-9151-E4F0306C6ED6}.Release|Any CPU.ActiveCfg = Release|Any CPU
		{2A01563A-AA01-4F55-9151-E4F0306C6ED6}.Release|Any CPU.Build.0 = Release|Any CPU
		{3FB86369-3762-43D6-A298-21E52B4172EB}.Debug|Any CPU.ActiveCfg = Debug|Any CPU
		{3FB86369-3762-43D6-A298-21E52B4172EB}.Debug|Any CPU.Build.0 = Debug|Any CPU
		{3FB86369-3762-43D6-A298-21E52B4172EB}.Release|Any CPU.ActiveCfg = Release|Any CPU
		{3FB86369-3762-43D6-A298-21E52B4172EB}.Release|Any CPU.Build.0 = Release|Any CPU
	EndGlobalSection
	GlobalSection(SolutionProperties) = preSolution
		HideSolutionNode = FALSE
	EndGlobalSection
	GlobalSection(ExtensibilityGlobals) = postSolution
		SolutionGuid = {BC27C57E-3CF6-4A60-9066-C7E841C225FD}
	EndGlobalSection
EndGlobal
