
Microsoft Visual Studio Solution File, Format Version 12.00
# Visual Studio Version 17
VisualStudioVersion = 17.14.36310.24 d17.14
MinimumVisualStudioVersion = 10.0.40219.1
Project("{FAE04EC0-301F-11D3-BF4B-00C04F79EFBC}") = "E-commerce_1", "E-commerce_1.csproj", "{8545D86E-9C53-46A7-9AAB-07C66932AD06}"
EndProject
Global
	GlobalSection(SolutionConfigurationPlatforms) = preSolution
		Debug|Any CPU = Debug|Any CPU
		Release|Any CPU = Release|Any CPU
	EndGlobalSection
	GlobalSection(ProjectConfigurationPlatforms) = postSolution
		{8545D86E-9C53-46A7-9AAB-07C66932AD06}.Debug|Any CPU.ActiveCfg = Debug|Any CPU
		{8545D86E-9C53-46A7-9AAB-07C66932AD06}.Debug|Any CPU.Build.0 = Debug|Any CPU
		{8545D86E-9C53-46A7-9AAB-07C66932AD06}.Release|Any CPU.ActiveCfg = Release|Any CPU
		{8545D86E-9C53-46A7-9AAB-07C66932AD06}.Release|Any CPU.Build.0 = Release|Any CPU
	EndGlobalSection
	GlobalSection(SolutionProperties) = preSolution
		HideSolutionNode = FALSE
	EndGlobalSection
	GlobalSection(ExtensibilityGlobals) = postSolution
		SolutionGuid = {048BADD9-8079-4E10-9194-AEC1C1974CE8}
	EndGlobalSection
EndGlobal
